// !$*UTF8*$!
{
	archiveVersion = 1;
	classes = {
	};
	objectVersion = 71;
	objects = {

/* Begin PBXBuildFile section */
		A1B2C3D400000001 /* Network.framework in Frameworks */ = {isa = PBXBuildFile; fileRef = A1B2C3D400000002 /* Network.framework */; };
		A1B2C3D400000003 /* ServiceManagement.framework in Frameworks */ = {isa = PBXBuildFile; fileRef = A1B2C3D400000004 /* ServiceManagement.framework */; };
		A1B2C3D4000000A1 /* Assets.xcassets in Resources */ = {isa = PBXBuildFile; fileRef = A1B2C3D400000024 /* Assets.xcassets */; };
		A1B2C3D4000000B0 /* ClaudeNotchApp.swift in Sources */ = {isa = PBXBuildFile; fileRef = A1B2C3D400000010 /* ClaudeNotchApp.swift */; };
		A1B2C3D4000000B1 /* AppDelegate.swift in Sources */ = {isa = PBXBuildFile; fileRef = A1B2C3D400000011 /* AppDelegate.swift */; };
		A1B2C3D4000000B2 /* NotchPanel.swift in Sources */ = {isa = PBXBuildFile; fileRef = A1B2C3D400000012 /* NotchPanel.swift */; };
		A1B2C3D4000000B3 /* NotchPanelController.swift in Sources */ = {isa = PBXBuildFile; fileRef = A1B2C3D400000013 /* NotchPanelController.swift */; };
		A1B2C3D4000000B4 /* ScreenObserver.swift in Sources */ = {isa = PBXBuildFile; fileRef = A1B2C3D400000014 /* ScreenObserver.swift */; };
		A1B2C3D4000000B5 /* ClaudeInstance.swift in Sources */ = {isa = PBXBuildFile; fileRef = A1B2C3D400000015 /* ClaudeInstance.swift */; };
		A1B2C3D4000000B6 /* InstanceManager.swift in Sources */ = {isa = PBXBuildFile; fileRef = A1B2C3D400000016 /* InstanceManager.swift */; };
		A1B2C3D4000000B7 /* SocketListener.swift in Sources */ = {isa = PBXBuildFile; fileRef = A1B2C3D400000017 /* SocketListener.swift */; };
		A1B2C3D4000000B8 /* CostReader.swift in Sources */ = {isa = PBXBuildFile; fileRef = A1B2C3D400000018 /* CostReader.swift */; };
		A1B2C3D4000000B9 /* PanelState.swift in Sources */ = {isa = PBXBuildFile; fileRef = A1B2C3D400000019 /* PanelState.swift */; };
		A1B2C3D4000000BA /* NotchView.swift in Sources */ = {isa = PBXBuildFile; fileRef = A1B2C3D40000001A /* NotchView.swift */; };
		A1B2C3D4000000BB /* CollapsedNotchView.swift in Sources */ = {isa = PBXBuildFile; fileRef = A1B2C3D40000001B /* CollapsedNotchView.swift */; };
		A1B2C3D4000000BC /* ExpandedNotchView.swift in Sources */ = {isa = PBXBuildFile; fileRef = A1B2C3D40000001C /* ExpandedNotchView.swift */; };
		A1B2C3D4000000BD /* InstanceCardView.swift in Sources */ = {isa = PBXBuildFile; fileRef = A1B2C3D40000001D /* InstanceCardView.swift */; };
		A1B2C3D4000000BE /* StatusDot.swift in Sources */ = {isa = PBXBuildFile; fileRef = A1B2C3D40000001E /* StatusDot.swift */; };
		A1B2C3D4000000BF /* ContextUsageBar.swift in Sources */ = {isa = PBXBuildFile; fileRef = A1B2C3D40000001F /* ContextUsageBar.swift */; };
		A1B2C3D4000000C0 /* NotchShape.swift in Sources */ = {isa = PBXBuildFile; fileRef = A1B2C3D400000020 /* NotchShape.swift */; };
		A1B2C3D4000000C1 /* ITermIntegration.swift in Sources */ = {isa = PBXBuildFile; fileRef = A1B2C3D400000021 /* ITermIntegration.swift */; };
		A1B2C3D4000000C2 /* RecentProjectsStore.swift in Sources */ = {isa = PBXBuildFile; fileRef = A1B2C3D400000022 /* RecentProjectsStore.swift */; };
		A1B2C3D4000000C3 /* DesignTokens.swift in Sources */ = {isa = PBXBuildFile; fileRef = A1B2C3D400000026 /* DesignTokens.swift */; };
		A1B2C3D4000000C4 /* GitBranchReader.swift in Sources */ = {isa = PBXBuildFile; fileRef = A1B2C3D400000027 /* GitBranchReader.swift */; };
		A1B2C3D4000000C5 /* ProjectGroup.swift in Sources */ = {isa = PBXBuildFile; fileRef = A1B2C3D400000028 /* ProjectGroup.swift */; };
		A1B2C3D4000000C6 /* BranchRowView.swift in Sources */ = {isa = PBXBuildFile; fileRef = A1B2C3D400000029 /* BranchRowView.swift */; };
		A1B2C3D4000000C7 /* ProjectGroupView.swift in Sources */ = {isa = PBXBuildFile; fileRef = A1B2C3D40000002A /* ProjectGroupView.swift */; };
		A1B2C3D4000000C8 /* TerminalFocusMonitor.swift in Sources */ = {isa = PBXBuildFile; fileRef = A1B2C3D40000002B /* TerminalFocusMonitor.swift */; };
		A1B2C3D4000000C9 /* WindowHighlighter.swift in Sources */ = {isa = PBXBuildFile; fileRef = A1B2C3D40000002C /* WindowHighlighter.swift */; };
		A1B2C3D4000000CA /* NotificationManager.swift in Sources */ = {isa = PBXBuildFile; fileRef = A1B2C3D40000002D /* NotificationManager.swift */; };
		A1B2C3D4000000CB /* NotificationBannerView.swift in Sources */ = {isa = PBXBuildFile; fileRef = A1B2C3D40000002E /* NotificationBannerView.swift */; };
		A1B2C3D4000000CC /* NotificationItem.swift in Sources */ = {isa = PBXBuildFile; fileRef = A1B2C3D400000032 /* NotificationItem.swift */; };
		A1B2C3D4000000CD /* AnimationModifiers.swift in Sources */ = {isa = PBXBuildFile; fileRef = A1B2C3D400000033 /* AnimationModifiers.swift */; };
		A1B2C3D4000000CE /* NSAnimationHelper.swift in Sources */ = {isa = PBXBuildFile; fileRef = A1B2C3D400000034 /* NSAnimationHelper.swift */; };
		B23E6FE92F74670A002024AE /* ProcessScanner.swift in Sources */ = {isa = PBXBuildFile; fileRef = B23E6FEA2F74670A002024AE /* ProcessScanner.swift */; };
		B23E6FEB2F74670B002024AE /* WaterDropAnimator.swift in Sources */ = {isa = PBXBuildFile; fileRef = B23E6FEC2F74670B002024AE /* WaterDropAnimator.swift */; };
		B23E6FED2F74670C002024AE /* WaterDropView.swift in Sources */ = {isa = PBXBuildFile; fileRef = A1B2C3D400000036 /* WaterDropView.swift */; };
		A1B2C3D4000000D0 /* InstanceManagerTests.swift in Sources */ = {isa = PBXBuildFile; fileRef = A1B2C3D400000040 /* InstanceManagerTests.swift */; };
		A1B2C3D4000000D1 /* SocketEventTests.swift in Sources */ = {isa = PBXBuildFile; fileRef = A1B2C3D400000041 /* SocketEventTests.swift */; };
		A1B2C3D4000000D2 /* CostReaderTests.swift in Sources */ = {isa = PBXBuildFile; fileRef = A1B2C3D400000042 /* CostReaderTests.swift */; };
		A1B2C3D4000000D3 /* ITermSanitizationTests.swift in Sources */ = {isa = PBXBuildFile; fileRef = A1B2C3D400000043 /* ITermSanitizationTests.swift */; };
		A1B2C3D4000000D4 /* GitBranchReaderTests.swift in Sources */ = {isa = PBXBuildFile; fileRef = A1B2C3D400000044 /* GitBranchReaderTests.swift */; };
		A1B2C3D4000000D5 /* NotchPanelTests.swift in Sources */ = {isa = PBXBuildFile; fileRef = A1B2C3D400000045 /* NotchPanelTests.swift */; };
		A1B2C3D4000000D6 /* NotificationManagerTests.swift in Sources */ = {isa = PBXBuildFile; fileRef = A1B2C3D400000046 /* NotificationManagerTests.swift */; };
		A1B2C3D4000000D7 /* AnimationTokenTests.swift in Sources */ = {isa = PBXBuildFile; fileRef = A1B2C3D400000047 /* AnimationTokenTests.swift */; };
		A1B2C3D4000000D9 /* WaterDropGeometryTests.swift in Sources */ = {isa = PBXBuildFile; fileRef = A1B2C3D400000048 /* WaterDropGeometryTests.swift */; };
		A1B2C3D4000000DA /* WaterDropAnimationTests.swift in Sources */ = {isa = PBXBuildFile; fileRef = A1B2C3D400000049 /* WaterDropAnimationTests.swift */; };
		B23E6FE82F74660F002024AE /* ProcessScannerTests.swift in Sources */ = {isa = PBXBuildFile; fileRef = A1B2C3D40000004A /* ProcessScannerTests.swift */; };
		C1D2E3F400000002 /* TerminalWindowTiler.swift in Sources */ = {isa = PBXBuildFile; fileRef = C1D2E3F400000001 /* TerminalWindowTiler.swift */; };
		C1D2E3F400000004 /* TerminalWindowTilerTests.swift in Sources */ = {isa = PBXBuildFile; fileRef = C1D2E3F400000003 /* TerminalWindowTilerTests.swift */; };
/* End PBXBuildFile section */

/* Begin PBXContainerItemProxy section */
		A1B2C3D400000005 /* PBXContainerItemProxy */ = {
			isa = PBXContainerItemProxy;
			containerPortal = A1B2C3D400000006 /* Project object */;
			proxyType = 1;
			remoteGlobalIDString = A1B2C3D400000007;
			remoteInfo = ClaudeNotch;
		};
/* End PBXContainerItemProxy section */

/* Begin PBXFileReference section */
		A1B2C3D400000002 /* Network.framework */ = {isa = PBXFileReference; lastKnownFileType = wrapper.framework; name = Network.framework; path = System/Library/Frameworks/Network.framework; sourceTree = SDKROOT; };
		A1B2C3D400000004 /* ServiceManagement.framework */ = {isa = PBXFileReference; lastKnownFileType = wrapper.framework; name = ServiceManagement.framework; path = System/Library/Frameworks/ServiceManagement.framework; sourceTree = SDKROOT; };
		A1B2C3D400000010 /* ClaudeNotchApp.swift */ = {isa = PBXFileReference; lastKnownFileType = sourcecode.swift; path = ClaudeNotchApp.swift; sourceTree = "<group>"; };
		A1B2C3D400000011 /* AppDelegate.swift */ = {isa = PBXFileReference; lastKnownFileType = sourcecode.swift; path = AppDelegate.swift; sourceTree = "<group>"; };
		A1B2C3D400000012 /* NotchPanel.swift */ = {isa = PBXFileReference; lastKnownFileType = sourcecode.swift; path = NotchPanel.swift; sourceTree = "<group>"; };
		A1B2C3D400000013 /* NotchPanelController.swift */ = {isa = PBXFileReference; lastKnownFileType = sourcecode.swift; path = NotchPanelController.swift; sourceTree = "<group>"; };
		A1B2C3D400000014 /* ScreenObserver.swift */ = {isa = PBXFileReference; lastKnownFileType = sourcecode.swift; path = ScreenObserver.swift; sourceTree = "<group>"; };
		A1B2C3D400000015 /* ClaudeInstance.swift */ = {isa = PBXFileReference; lastKnownFileType = sourcecode.swift; path = ClaudeInstance.swift; sourceTree = "<group>"; };
		A1B2C3D400000016 /* InstanceManager.swift */ = {isa = PBXFileReference; lastKnownFileType = sourcecode.swift; path = InstanceManager.swift; sourceTree = "<group>"; };
		A1B2C3D400000017 /* SocketListener.swift */ = {isa = PBXFileReference; lastKnownFileType = sourcecode.swift; path = SocketListener.swift; sourceTree = "<group>"; };
		A1B2C3D400000018 /* CostReader.swift */ = {isa = PBXFileReference; lastKnownFileType = sourcecode.swift; path = CostReader.swift; sourceTree = "<group>"; };
		A1B2C3D400000019 /* PanelState.swift */ = {isa = PBXFileReference; lastKnownFileType = sourcecode.swift; path = PanelState.swift; sourceTree = "<group>"; };
		A1B2C3D40000001A /* NotchView.swift */ = {isa = PBXFileReference; lastKnownFileType = sourcecode.swift; path = NotchView.swift; sourceTree = "<group>"; };
		A1B2C3D40000001B /* CollapsedNotchView.swift */ = {isa = PBXFileReference; lastKnownFileType = sourcecode.swift; path = CollapsedNotchView.swift; sourceTree = "<group>"; };
		A1B2C3D40000001C /* ExpandedNotchView.swift */ = {isa = PBXFileReference; lastKnownFileType = sourcecode.swift; path = ExpandedNotchView.swift; sourceTree = "<group>"; };
		A1B2C3D40000001D /* InstanceCardView.swift */ = {isa = PBXFileReference; lastKnownFileType = sourcecode.swift; path = InstanceCardView.swift; sourceTree = "<group>"; };
		A1B2C3D40000001E /* StatusDot.swift */ = {isa = PBXFileReference; lastKnownFileType = sourcecode.swift; path = StatusDot.swift; sourceTree = "<group>"; };
		A1B2C3D40000001F /* ContextUsageBar.swift */ = {isa = PBXFileReference; lastKnownFileType = sourcecode.swift; path = ContextUsageBar.swift; sourceTree = "<group>"; };
		A1B2C3D400000020 /* NotchShape.swift */ = {isa = PBXFileReference; lastKnownFileType = sourcecode.swift; path = NotchShape.swift; sourceTree = "<group>"; };
		A1B2C3D400000021 /* ITermIntegration.swift */ = {isa = PBXFileReference; lastKnownFileType = sourcecode.swift; path = ITermIntegration.swift; sourceTree = "<group>"; };
		A1B2C3D400000022 /* RecentProjectsStore.swift */ = {isa = PBXFileReference; lastKnownFileType = sourcecode.swift; path = RecentProjectsStore.swift; sourceTree = "<group>"; };
		A1B2C3D400000023 /* Info.plist */ = {isa = PBXFileReference; lastKnownFileType = text.plist.xml; path = Info.plist; sourceTree = "<group>"; };
		A1B2C3D400000024 /* Assets.xcassets */ = {isa = PBXFileReference; lastKnownFileType = folder.assetcatalog; path = Assets.xcassets; sourceTree = "<group>"; };
		A1B2C3D400000025 /* ClaudeNotch.entitlements */ = {isa = PBXFileReference; lastKnownFileType = text.plist.entitlements; path = ClaudeNotch.entitlements; sourceTree = "<group>"; };
		A1B2C3D400000026 /* DesignTokens.swift */ = {isa = PBXFileReference; lastKnownFileType = sourcecode.swift; path = DesignTokens.swift; sourceTree = "<group>"; };
		A1B2C3D400000027 /* GitBranchReader.swift */ = {isa = PBXFileReference; lastKnownFileType = sourcecode.swift; path = GitBranchReader.swift; sourceTree = "<group>"; };
		A1B2C3D400000028 /* ProjectGroup.swift */ = {isa = PBXFileReference; lastKnownFileType = sourcecode.swift; path = ProjectGroup.swift; sourceTree = "<group>"; };
		A1B2C3D400000029 /* BranchRowView.swift */ = {isa = PBXFileReference; lastKnownFileType = sourcecode.swift; path = BranchRowView.swift; sourceTree = "<group>"; };
		A1B2C3D40000002A /* ProjectGroupView.swift */ = {isa = PBXFileReference; lastKnownFileType = sourcecode.swift; path = ProjectGroupView.swift; sourceTree = "<group>"; };
		A1B2C3D40000002B /* TerminalFocusMonitor.swift */ = {isa = PBXFileReference; lastKnownFileType = sourcecode.swift; path = TerminalFocusMonitor.swift; sourceTree = "<group>"; };
		A1B2C3D40000002C /* WindowHighlighter.swift */ = {isa = PBXFileReference; lastKnownFileType = sourcecode.swift; path = WindowHighlighter.swift; sourceTree = "<group>"; };
		A1B2C3D40000002D /* NotificationManager.swift */ = {isa = PBXFileReference; lastKnownFileType = sourcecode.swift; path = NotificationManager.swift; sourceTree = "<group>"; };
		A1B2C3D40000002E /* NotificationBannerView.swift */ = {isa = PBXFileReference; lastKnownFileType = sourcecode.swift; path = NotificationBannerView.swift; sourceTree = "<group>"; };
		A1B2C3D400000030 /* ClaudeNotch.app */ = {isa = PBXFileReference; explicitFileType = wrapper.application; includeInIndex = 0; path = ClaudeNotch.app; sourceTree = BUILT_PRODUCTS_DIR; };
		A1B2C3D400000031 /* ClaudeNotchTests.xctest */ = {isa = PBXFileReference; explicitFileType = wrapper.cfbundle; includeInIndex = 0; path = ClaudeNotchTests.xctest; sourceTree = BUILT_PRODUCTS_DIR; };
		A1B2C3D400000032 /* NotificationItem.swift */ = {isa = PBXFileReference; lastKnownFileType = sourcecode.swift; path = NotificationItem.swift; sourceTree = "<group>"; };
		A1B2C3D400000033 /* AnimationModifiers.swift */ = {isa = PBXFileReference; lastKnownFileType = sourcecode.swift; path = AnimationModifiers.swift; sourceTree = "<group>"; };
		A1B2C3D400000034 /* NSAnimationHelper.swift */ = {isa = PBXFileReference; lastKnownFileType = sourcecode.swift; path = NSAnimationHelper.swift; sourceTree = "<group>"; };
		A1B2C3D400000036 /* WaterDropView.swift */ = {isa = PBXFileReference; lastKnownFileType = sourcecode.swift; path = WaterDropView.swift; sourceTree = "<group>"; };
		B23E6FEA2F74670A002024AE /* ProcessScanner.swift */ = {isa = PBXFileReference; lastKnownFileType = sourcecode.swift; path = ProcessScanner.swift; sourceTree = "<group>"; };
		B23E6FEC2F74670B002024AE /* WaterDropAnimator.swift */ = {isa = PBXFileReference; lastKnownFileType = sourcecode.swift; path = WaterDropAnimator.swift; sourceTree = "<group>"; };
		A1B2C3D400000040 /* InstanceManagerTests.swift */ = {isa = PBXFileReference; lastKnownFileType = sourcecode.swift; path = InstanceManagerTests.swift; sourceTree = "<group>"; };
		A1B2C3D400000041 /* SocketEventTests.swift */ = {isa = PBXFileReference; lastKnownFileType = sourcecode.swift; path = SocketEventTests.swift; sourceTree = "<group>"; };
		A1B2C3D400000042 /* CostReaderTests.swift */ = {isa = PBXFileReference; lastKnownFileType = sourcecode.swift; path = CostReaderTests.swift; sourceTree = "<group>"; };
		A1B2C3D400000043 /* ITermSanitizationTests.swift */ = {isa = PBXFileReference; lastKnownFileType = sourcecode.swift; path = ITermSanitizationTests.swift; sourceTree = "<group>"; };
		A1B2C3D400000044 /* GitBranchReaderTests.swift */ = {isa = PBXFileReference; lastKnownFileType = sourcecode.swift; path = GitBranchReaderTests.swift; sourceTree = "<group>"; };
		A1B2C3D400000045 /* NotchPanelTests.swift */ = {isa = PBXFileReference; lastKnownFileType = sourcecode.swift; path = NotchPanelTests.swift; sourceTree = "<group>"; };
		A1B2C3D400000046 /* NotificationManagerTests.swift */ = {isa = PBXFileReference; lastKnownFileType = sourcecode.swift; path = NotificationManagerTests.swift; sourceTree = "<group>"; };
		A1B2C3D400000047 /* AnimationTokenTests.swift */ = {isa = PBXFileReference; lastKnownFileType = sourcecode.swift; path = AnimationTokenTests.swift; sourceTree = "<group>"; };
		A1B2C3D400000048 /* WaterDropGeometryTests.swift */ = {isa = PBXFileReference; lastKnownFileType = sourcecode.swift; path = WaterDropGeometryTests.swift; sourceTree = "<group>"; };
		A1B2C3D400000049 /* WaterDropAnimationTests.swift */ = {isa = PBXFileReference; lastKnownFileType = sourcecode.swift; path = WaterDropAnimationTests.swift; sourceTree = "<group>"; };
		A1B2C3D40000004A /* ProcessScannerTests.swift */ = {isa = PBXFileReference; lastKnownFileType = sourcecode.swift; path = ProcessScannerTests.swift; sourceTree = "<group>"; };
		C1D2E3F400000001 /* TerminalWindowTiler.swift */ = {isa = PBXFileReference; lastKnownFileType = sourcecode.swift; path = TerminalWindowTiler.swift; sourceTree = "<group>"; };
		C1D2E3F400000003 /* TerminalWindowTilerTests.swift */ = {isa = PBXFileReference; lastKnownFileType = sourcecode.swift; path = TerminalWindowTilerTests.swift; sourceTree = "<group>"; };
/* End PBXFileReference section */

/* Begin PBXFrameworksBuildPhase section */
		A1B2C3D400000050 /* Frameworks */ = {
			isa = PBXFrameworksBuildPhase;
			buildActionMask = 2147483647;
			files = (
				A1B2C3D400000001 /* Network.framework in Frameworks */,
				A1B2C3D400000003 /* ServiceManagement.framework in Frameworks */,
			);
			runOnlyForDeploymentPostprocessing = 0;
		};
		A1B2C3D400000051 /* Frameworks */ = {
			isa = PBXFrameworksBuildPhase;
			buildActionMask = 2147483647;
			files = (
			);
			runOnlyForDeploymentPostprocessing = 0;
		};
/* End PBXFrameworksBuildPhase section */

/* Begin PBXGroup section */
		A1B2C3D400000060 = {
			isa = PBXGroup;
			children = (
				A1B2C3D400000061 /* ClaudeNotch */,
				A1B2C3D400000067 /* ClaudeNotchTests */,
				A1B2C3D400000068 /* Frameworks */,
				A1B2C3D400000069 /* Products */,
			);
			sourceTree = "<group>";
		};
		A1B2C3D400000061 /* ClaudeNotch */ = {
			isa = PBXGroup;
			children = (
				A1B2C3D400000062 /* App */,
				A1B2C3D400000063 /* Window */,
				A1B2C3D400000064 /* Data */,
				A1B2C3D400000065 /* Views */,
				A1B2C3D400000066 /* Integration */,
				A1B2C3D40000006B /* Theme */,
				A1B2C3D40000006A /* Resources */,
			);
			path = ClaudeNotch;
			sourceTree = "<group>";
		};
		A1B2C3D400000062 /* App */ = {
			isa = PBXGroup;
			children = (
				A1B2C3D400000010 /* ClaudeNotchApp.swift */,
				A1B2C3D400000011 /* AppDelegate.swift */,
			);
			path = App;
			sourceTree = "<group>";
		};
		A1B2C3D400000063 /* Window */ = {
			isa = PBXGroup;
			children = (
				A1B2C3D400000012 /* NotchPanel.swift */,
				A1B2C3D400000013 /* NotchPanelController.swift */,
				A1B2C3D400000014 /* ScreenObserver.swift */,
				A1B2C3D400000034 /* NSAnimationHelper.swift */,
			);
			path = Window;
			sourceTree = "<group>";
		};
		A1B2C3D400000064 /* Data */ = {
			isa = PBXGroup;
			children = (
				A1B2C3D400000015 /* ClaudeInstance.swift */,
				A1B2C3D400000016 /* InstanceManager.swift */,
				A1B2C3D400000017 /* SocketListener.swift */,
				A1B2C3D400000018 /* CostReader.swift */,
				A1B2C3D400000027 /* GitBranchReader.swift */,
				A1B2C3D400000028 /* ProjectGroup.swift */,
				A1B2C3D400000019 /* PanelState.swift */,
				A1B2C3D400000032 /* NotificationItem.swift */,
				A1B2C3D40000002D /* NotificationManager.swift */,
			);
			path = Data;
			sourceTree = "<group>";
		};
		A1B2C3D400000065 /* Views */ = {
			isa = PBXGroup;
			children = (
				A1B2C3D40000001A /* NotchView.swift */,
				A1B2C3D40000001B /* CollapsedNotchView.swift */,
				A1B2C3D40000001C /* ExpandedNotchView.swift */,
				A1B2C3D40000001D /* InstanceCardView.swift */,
				A1B2C3D400000029 /* BranchRowView.swift */,
				A1B2C3D40000002A /* ProjectGroupView.swift */,
				A1B2C3D40000001E /* StatusDot.swift */,
				A1B2C3D40000001F /* ContextUsageBar.swift */,
				A1B2C3D400000020 /* NotchShape.swift */,
				A1B2C3D40000002E /* NotificationBannerView.swift */,
				A1B2C3D400000033 /* AnimationModifiers.swift */,
			);
			path = Views;
			sourceTree = "<group>";
		};
		A1B2C3D400000066 /* Integration */ = {
			isa = PBXGroup;
			children = (
				A1B2C3D400000021 /* ITermIntegration.swift */,
				B23E6FEA2F74670A002024AE /* ProcessScanner.swift */,
				A1B2C3D400000022 /* RecentProjectsStore.swift */,
				A1B2C3D40000002B /* TerminalFocusMonitor.swift */,
				B23E6FEC2F74670B002024AE /* WaterDropAnimator.swift */,
				A1B2C3D400000036 /* WaterDropView.swift */,
				C1D2E3F400000001 /* TerminalWindowTiler.swift */,
				A1B2C3D40000002C /* WindowHighlighter.swift */,
			);
			path = Integration;
			sourceTree = "<group>";
		};
		A1B2C3D400000067 /* ClaudeNotchTests */ = {
			isa = PBXGroup;
			children = (
				A1B2C3D400000040 /* InstanceManagerTests.swift */,
				A1B2C3D400000041 /* SocketEventTests.swift */,
				A1B2C3D400000042 /* CostReaderTests.swift */,
				A1B2C3D400000043 /* ITermSanitizationTests.swift */,
				A1B2C3D400000044 /* GitBranchReaderTests.swift */,
				A1B2C3D400000045 /* NotchPanelTests.swift */,
				A1B2C3D400000046 /* NotificationManagerTests.swift */,
				A1B2C3D400000047 /* AnimationTokenTests.swift */,
				A1B2C3D400000048 /* WaterDropGeometryTests.swift */,
				A1B2C3D400000049 /* WaterDropAnimationTests.swift */,
				A1B2C3D40000004A /* ProcessScannerTests.swift */,
				C1D2E3F400000003 /* TerminalWindowTilerTests.swift */,
			);
			path = ClaudeNotchTests;
			sourceTree = "<group>";
		};
		A1B2C3D400000068 /* Frameworks */ = {
			isa = PBXGroup;
			children = (
				A1B2C3D400000002 /* Network.framework */,
				A1B2C3D400000004 /* ServiceManagement.framework */,
			);
			name = Frameworks;
			sourceTree = "<group>";
		};
		A1B2C3D400000069 /* Products */ = {
			isa = PBXGroup;
			children = (
				A1B2C3D400000030 /* ClaudeNotch.app */,
				A1B2C3D400000031 /* ClaudeNotchTests.xctest */,
			);
			name = Products;
			sourceTree = "<group>";
		};
		A1B2C3D40000006A /* Resources */ = {
			isa = PBXGroup;
			children = (
				A1B2C3D400000023 /* Info.plist */,
				A1B2C3D400000024 /* Assets.xcassets */,
				A1B2C3D400000025 /* ClaudeNotch.entitlements */,
			);
			path = Resources;
			sourceTree = "<group>";
		};
		A1B2C3D40000006B /* Theme */ = {
			isa = PBXGroup;
			children = (
				A1B2C3D400000026 /* DesignTokens.swift */,
			);
			path = Theme;
			sourceTree = "<group>";
		};
/* End PBXGroup section */

/* Begin PBXNativeTarget section */
		A1B2C3D400000007 /* ClaudeNotch */ = {
			isa = PBXNativeTarget;
			buildConfigurationList = A1B2C3D400000080 /* Build configuration list for PBXNativeTarget "ClaudeNotch" */;
			buildPhases = (
				A1B2C3D400000070 /* Sources */,
				A1B2C3D400000050 /* Frameworks */,
				A1B2C3D400000071 /* Resources */,
			);
			buildRules = (
			);
			dependencies = (
			);
			name = ClaudeNotch;
			productName = ClaudeNotch;
			productReference = A1B2C3D400000030 /* ClaudeNotch.app */;
			productType = "com.apple.product-type.application";
		};
		A1B2C3D400000008 /* ClaudeNotchTests */ = {
			isa = PBXNativeTarget;
			buildConfigurationList = A1B2C3D400000081 /* Build configuration list for PBXNativeTarget "ClaudeNotchTests" */;
			buildPhases = (
				A1B2C3D400000072 /* Sources */,
				A1B2C3D400000051 /* Frameworks */,
			);
			buildRules = (
			);
			dependencies = (
				A1B2C3D400000009 /* PBXTargetDependency */,
			);
			name = ClaudeNotchTests;
			productName = ClaudeNotchTests;
			productReference = A1B2C3D400000031 /* ClaudeNotchTests.xctest */;
			productType = "com.apple.product-type.bundle.unit-test";
		};
/* End PBXNativeTarget section */

/* Begin PBXProject section */
		A1B2C3D400000006 /* Project object */ = {
			isa = PBXProject;
			attributes = {
				BuildIndependentTargetsInParallel = 1;
				LastSwiftUpdateCheck = 1600;
				LastUpgradeCheck = 1600;
				TargetAttributes = {
					A1B2C3D400000007 = {
						CreatedOnToolsVersion = 16.0;
					};
					A1B2C3D400000008 = {
						CreatedOnToolsVersion = 16.0;
						TestTargetID = A1B2C3D400000007;
					};
				};
			};
			buildConfigurationList = A1B2C3D400000082 /* Build configuration list for PBXProject "ClaudeNotch" */;
			compatibilityVersion = "Xcode 16.0";
			developmentRegion = en;
			hasScannedForEncodings = 0;
			knownRegions = (
				en,
				Base,
			);
			mainGroup = A1B2C3D400000060;
			minimizedProjectReferenceProxies = 1;
			productRefGroup = A1B2C3D400000069 /* Products */;
			projectDirPath = "";
			projectRoot = "";
			targets = (
				A1B2C3D400000007 /* ClaudeNotch */,
				A1B2C3D400000008 /* ClaudeNotchTests */,
			);
		};
/* End PBXProject section */

/* Begin PBXResourcesBuildPhase section */
		A1B2C3D400000071 /* Resources */ = {
			isa = PBXResourcesBuildPhase;
			buildActionMask = 2147483647;
			files = (
				A1B2C3D4000000A1 /* Assets.xcassets in Resources */,
			);
			runOnlyForDeploymentPostprocessing = 0;
		};
/* End PBXResourcesBuildPhase section */

/* Begin PBXSourcesBuildPhase section */
		A1B2C3D400000070 /* Sources */ = {
			isa = PBXSourcesBuildPhase;
			buildActionMask = 2147483647;
			files = (
				A1B2C3D4000000B0 /* ClaudeNotchApp.swift in Sources */,
				A1B2C3D4000000B1 /* AppDelegate.swift in Sources */,
				A1B2C3D4000000B2 /* NotchPanel.swift in Sources */,
				A1B2C3D4000000B3 /* NotchPanelController.swift in Sources */,
				A1B2C3D4000000B4 /* ScreenObserver.swift in Sources */,
				A1B2C3D4000000B5 /* ClaudeInstance.swift in Sources */,
				A1B2C3D4000000B6 /* InstanceManager.swift in Sources */,
				A1B2C3D4000000B7 /* SocketListener.swift in Sources */,
				A1B2C3D4000000B8 /* CostReader.swift in Sources */,
				A1B2C3D4000000B9 /* PanelState.swift in Sources */,
				A1B2C3D4000000BA /* NotchView.swift in Sources */,
				A1B2C3D4000000BB /* CollapsedNotchView.swift in Sources */,
				A1B2C3D4000000BC /* ExpandedNotchView.swift in Sources */,
				A1B2C3D4000000BD /* InstanceCardView.swift in Sources */,
				A1B2C3D4000000BE /* StatusDot.swift in Sources */,
				A1B2C3D4000000BF /* ContextUsageBar.swift in Sources */,
				A1B2C3D4000000C0 /* NotchShape.swift in Sources */,
				A1B2C3D4000000C1 /* ITermIntegration.swift in Sources */,
				A1B2C3D4000000C2 /* RecentProjectsStore.swift in Sources */,
				A1B2C3D4000000C3 /* DesignTokens.swift in Sources */,
				A1B2C3D4000000C4 /* GitBranchReader.swift in Sources */,
				A1B2C3D4000000C5 /* ProjectGroup.swift in Sources */,
				A1B2C3D4000000C6 /* BranchRowView.swift in Sources */,
				A1B2C3D4000000C7 /* ProjectGroupView.swift in Sources */,
				A1B2C3D4000000C8 /* TerminalFocusMonitor.swift in Sources */,
				A1B2C3D4000000C9 /* WindowHighlighter.swift in Sources */,
				A1B2C3D4000000CC /* NotificationItem.swift in Sources */,
				A1B2C3D4000000CA /* NotificationManager.swift in Sources */,
				A1B2C3D4000000CB /* NotificationBannerView.swift in Sources */,
				A1B2C3D4000000CD /* AnimationModifiers.swift in Sources */,
				A1B2C3D4000000CE /* NSAnimationHelper.swift in Sources */,
				B23E6FE92F74670A002024AE /* ProcessScanner.swift in Sources */,
				B23E6FEB2F74670B002024AE /* WaterDropAnimator.swift in Sources */,
				B23E6FED2F74670C002024AE /* WaterDropView.swift in Sources */,
				C1D2E3F400000002 /* TerminalWindowTiler.swift in Sources */,
			);
			runOnlyForDeploymentPostprocessing = 0;
		};
		A1B2C3D400000072 /* Sources */ = {
			isa = PBXSourcesBuildPhase;
			buildActionMask = 2147483647;
			files = (
				A1B2C3D4000000D0 /* InstanceManagerTests.swift in Sources */,
				A1B2C3D4000000D1 /* SocketEventTests.swift in Sources */,
				A1B2C3D4000000D2 /* CostReaderTests.swift in Sources */,
				A1B2C3D4000000D3 /* ITermSanitizationTests.swift in Sources */,
				A1B2C3D4000000D4 /* GitBranchReaderTests.swift in Sources */,
				A1B2C3D4000000D5 /* NotchPanelTests.swift in Sources */,
				A1B2C3D4000000D6 /* NotificationManagerTests.swift in Sources */,
				A1B2C3D4000000D7 /* AnimationTokenTests.swift in Sources */,
				A1B2C3D4000000D9 /* WaterDropGeometryTests.swift in Sources */,
				A1B2C3D4000000DA /* WaterDropAnimationTests.swift in Sources */,
				B23E6FE82F74660F002024AE /* ProcessScannerTests.swift in Sources */,
				C1D2E3F400000004 /* TerminalWindowTilerTests.swift in Sources */,
			);
			runOnlyForDeploymentPostprocessing = 0;
		};
/* End PBXSourcesBuildPhase section */

/* Begin PBXTargetDependency section */
		A1B2C3D400000009 /* PBXTargetDependency */ = {
			isa = PBXTargetDependency;
			target = A1B2C3D400000007 /* ClaudeNotch */;
			targetProxy = A1B2C3D400000005 /* PBXContainerItemProxy */;
		};
/* End PBXTargetDependency section */

/* Begin XCBuildConfiguration section */
		A1B2C3D4000000E0 /* Debug */ = {
			isa = XCBuildConfiguration;
			buildSettings = {
				ALWAYS_SEARCH_USER_PATHS = NO;
				ASSETCATALOG_COMPILER_GENERATE_SWIFT_ASSET_SYMBOL_EXTENSIONS = YES;
				CLANG_ANALYZER_NONNULL = YES;
				CLANG_ANALYZER_NUMBER_OBJECT_CONVERSION = YES_AGGRESSIVE;
				CLANG_CXX_LANGUAGE_STANDARD = "gnu++20";
				CLANG_ENABLE_MODULES = YES;
				CLANG_ENABLE_OBJC_ARC = YES;
				CLANG_ENABLE_OBJC_WEAK = YES;
				CLANG_WARN_BLOCK_CAPTURE_AUTORELEASING = YES;
				CLANG_WARN_BOOL_CONVERSION = YES;
				CLANG_WARN_COMMA = YES;
				CLANG_WARN_CONSTANT_CONVERSION = YES;
				CLANG_WARN_DEPRECATED_OBJC_IMPLEMENTATIONS = YES;
				CLANG_WARN_DIRECT_OBJC_ISA_USAGE = YES_ERROR;
				CLANG_WARN_DOCUMENTATION_COMMENTS = YES;
				CLANG_WARN_EMPTY_BODY = YES;
				CLANG_WARN_ENUM_CONVERSION = YES;
				CLANG_WARN_INFINITE_RECURSION = YES;
				CLANG_WARN_INT_CONVERSION = YES;
				CLANG_WARN_NON_LITERAL_NULL_CONVERSION = YES;
				CLANG_WARN_OBJC_IMPLICIT_RETAIN_SELF = YES;
				CLANG_WARN_OBJC_LITERAL_CONVERSION = YES;
				CLANG_WARN_OBJC_ROOT_CLASS = YES_ERROR;
				CLANG_WARN_QUOTED_INCLUDE_IN_FRAMEWORK_HEADER = YES;
				CLANG_WARN_RANGE_LOOP_ANALYSIS = YES;
				CLANG_WARN_STRICT_PROTOTYPES = YES;
				CLANG_WARN_SUSPICIOUS_MOVE = YES;
				CLANG_WARN_UNGUARDED_AVAILABILITY = YES_AGGRESSIVE;
				CLANG_WARN_UNREACHABLE_CODE = YES;
				CLANG_WARN__DUPLICATE_METHOD_MATCH = YES;
				COPY_PHASE_STRIP = NO;
				DEBUG_INFORMATION_FORMAT = dwarf;
				ENABLE_STRICT_OBJC_MSGSEND = YES;
				ENABLE_TESTABILITY = YES;
				ENABLE_USER_SCRIPT_SANDBOXING = YES;
				GCC_C_LANGUAGE_STANDARD = gnu17;
				GCC_DYNAMIC_NO_PIC = NO;
				GCC_NO_COMMON_BLOCKS = YES;
				GCC_OPTIMIZATION_LEVEL = 0;
				GCC_PREPROCESSOR_DEFINITIONS = (
					"DEBUG=1",
					"$(inherited)",
				);
				GCC_WARN_64_TO_32_BIT_CONVERSION = YES;
				GCC_WARN_ABOUT_RETURN_TYPE = YES_ERROR;
				GCC_WARN_UNDECLARED_SELECTOR = YES;
				GCC_WARN_UNINITIALIZED_AUTOS = YES_AGGRESSIVE;
				GCC_WARN_UNUSED_FUNCTION = YES;
				GCC_WARN_UNUSED_VARIABLE = YES;
				MACOSX_DEPLOYMENT_TARGET = 16.0;
				MTL_ENABLE_DEBUG_INFO = INCLUDE_SOURCE;
				MTL_FAST_MATH = YES;
				ONLY_ACTIVE_ARCH = YES;
				SDKROOT = macosx;
				SWIFT_ACTIVE_COMPILATION_CONDITIONS = "$(inherited) DEBUG";
				SWIFT_OPTIMIZATION_LEVEL = "-Onone";
				SWIFT_VERSION = 6.0;
			};
			name = Debug;
		};
		A1B2C3D4000000E1 /* Release */ = {
			isa = XCBuildConfiguration;
			buildSettings = {
				ALWAYS_SEARCH_USER_PATHS = NO;
				ASSETCATALOG_COMPILER_GENERATE_SWIFT_ASSET_SYMBOL_EXTENSIONS = YES;
				CLANG_ANALYZER_NONNULL = YES;
				CLANG_ANALYZER_NUMBER_OBJECT_CONVERSION = YES_AGGRESSIVE;
				CLANG_CXX_LANGUAGE_STANDARD = "gnu++20";
				CLANG_ENABLE_MODULES = YES;
				CLANG_ENABLE_OBJC_ARC = YES;
				CLANG_ENABLE_OBJC_WEAK = YES;
				CLANG_WARN_BLOCK_CAPTURE_AUTORELEASING = YES;
				CLANG_WARN_BOOL_CONVERSION = YES;
				CLANG_WARN_COMMA = YES;
				CLANG_WARN_CONSTANT_CONVERSION = YES;
				CLANG_WARN_DEPRECATED_OBJC_IMPLEMENTATIONS = YES;
				CLANG_WARN_DIRECT_OBJC_ISA_USAGE = YES_ERROR;
				CLANG_WARN_DOCUMENTATION_COMMENTS = YES;
				CLANG_WARN_EMPTY_BODY = YES;
				CLANG_WARN_ENUM_CONVERSION = YES;
				CLANG_WARN_INFINITE_RECURSION = YES;
				CLANG_WARN_INT_CONVERSION = YES;
				CLANG_WARN_NON_LITERAL_NULL_CONVERSION = YES;
				CLANG_WARN_OBJC_IMPLICIT_RETAIN_SELF = YES;
				CLANG_WARN_OBJC_LITERAL_CONVERSION = YES;
				CLANG_WARN_OBJC_ROOT_CLASS = YES_ERROR;
				CLANG_WARN_QUOTED_INCLUDE_IN_FRAMEWORK_HEADER = YES;
				CLANG_WARN_RANGE_LOOP_ANALYSIS = YES;
				CLANG_WARN_STRICT_PROTOTYPES = YES;
				CLANG_WARN_SUSPICIOUS_MOVE = YES;
				CLANG_WARN_UNGUARDED_AVAILABILITY = YES_AGGRESSIVE;
				CLANG_WARN_UNREACHABLE_CODE = YES;
				CLANG_WARN__DUPLICATE_METHOD_MATCH = YES;
				COPY_PHASE_STRIP = NO;
				DEBUG_INFORMATION_FORMAT = "dwarf-with-dsym";
				ENABLE_NS_ASSERTIONS = NO;
				ENABLE_STRICT_OBJC_MSGSEND = YES;
				ENABLE_USER_SCRIPT_SANDBOXING = YES;
				GCC_C_LANGUAGE_STANDARD = gnu17;
				GCC_NO_COMMON_BLOCKS = YES;
				GCC_WARN_64_TO_32_BIT_CONVERSION = YES;
				GCC_WARN_ABOUT_RETURN_TYPE = YES_ERROR;
				GCC_WARN_UNDECLARED_SELECTOR = YES;
				GCC_WARN_UNINITIALIZED_AUTOS = YES_AGGRESSIVE;
				GCC_WARN_UNUSED_FUNCTION = YES;
				GCC_WARN_UNUSED_VARIABLE = YES;
				MACOSX_DEPLOYMENT_TARGET = 16.0;
				MTL_ENABLE_DEBUG_INFO = NO;
				MTL_FAST_MATH = YES;
				SDKROOT = macosx;
				SWIFT_COMPILATION_MODE = wholemodule;
				SWIFT_VERSION = 6.0;
			};
			name = Release;
		};
		A1B2C3D4000000E2 /* Debug */ = {
			isa = XCBuildConfiguration;
			buildSettings = {
				ASSETCATALOG_COMPILER_APPICON_NAME = AppIcon;
				CODE_SIGN_ENTITLEMENTS = ClaudeNotch/Resources/ClaudeNotch.entitlements;
				CODE_SIGN_STYLE = Automatic;
				COMBINE_HIDPI_IMAGES = YES;
				CURRENT_PROJECT_VERSION = 1;
				DEVELOPMENT_TEAM = QNHX86K7F4;
				ENABLE_HARDENED_RUNTIME = YES;
				GENERATE_INFOPLIST_FILE = NO;
				INFOPLIST_FILE = ClaudeNotch/Resources/Info.plist;
				LD_RUNPATH_SEARCH_PATHS = (
					"$(inherited)",
					"@executable_path/../Frameworks",
				);
				MACOSX_DEPLOYMENT_TARGET = 16.0;
				MARKETING_VERSION = 1.0;
				PRODUCT_BUNDLE_IDENTIFIER = com.vcolen.claudenotch;
				PRODUCT_NAME = "$(TARGET_NAME)";
				SWIFT_EMIT_LOC_STRINGS = YES;
				SWIFT_STRICT_CONCURRENCY = complete;
				SWIFT_VERSION = 6.0;
			};
			name = Debug;
		};
		A1B2C3D4000000E3 /* Release */ = {
			isa = XCBuildConfiguration;
			buildSettings = {
				ASSETCATALOG_COMPILER_APPICON_NAME = AppIcon;
				CODE_SIGN_ENTITLEMENTS = ClaudeNotch/Resources/ClaudeNotch.entitlements;
				CODE_SIGN_STYLE = Automatic;
				COMBINE_HIDPI_IMAGES = YES;
				CURRENT_PROJECT_VERSION = 1;
				DEVELOPMENT_TEAM = QNHX86K7F4;
				ENABLE_HARDENED_RUNTIME = YES;
				GENERATE_INFOPLIST_FILE = NO;
				INFOPLIST_FILE = ClaudeNotch/Resources/Info.plist;
				LD_RUNPATH_SEARCH_PATHS = (
					"$(inherited)",
					"@executable_path/../Frameworks",
				);
				MACOSX_DEPLOYMENT_TARGET = 16.0;
				MARKETING_VERSION = 1.0;
				PRODUCT_BUNDLE_IDENTIFIER = com.vcolen.claudenotch;
				PRODUCT_NAME = "$(TARGET_NAME)";
				SWIFT_EMIT_LOC_STRINGS = YES;
				SWIFT_STRICT_CONCURRENCY = complete;
				SWIFT_VERSION = 6.0;
			};
			name = Release;
		};
		A1B2C3D4000000E4 /* Debug */ = {
			isa = XCBuildConfiguration;
			buildSettings = {
				BUNDLE_LOADER = "$(TEST_HOST)";
				CODE_SIGN_STYLE = Automatic;
				CURRENT_PROJECT_VERSION = 1;
				DEVELOPMENT_TEAM = QNHX86K7F4;
				ENABLE_TESTING_SEARCH_PATHS = YES;
				GENERATE_INFOPLIST_FILE = YES;
				MACOSX_DEPLOYMENT_TARGET = 16.0;
				MARKETING_VERSION = 1.0;
				PRODUCT_BUNDLE_IDENTIFIER = com.vcolen.claudenotch.tests;
				PRODUCT_NAME = "$(TARGET_NAME)";
				SWIFT_EMIT_LOC_STRINGS = NO;
				SWIFT_STRICT_CONCURRENCY = complete;
				SWIFT_VERSION = 6.0;
				TEST_HOST = "$(BUILT_PRODUCTS_DIR)/ClaudeNotch.app/$(BUNDLE_EXECUTABLE_FOLDER_PATH)/ClaudeNotch";
			};
			name = Debug;
		};
		A1B2C3D4000000E5 /* Release */ = {
			isa = XCBuildConfiguration;
			buildSettings = {
				BUNDLE_LOADER = "$(TEST_HOST)";
				CODE_SIGN_STYLE = Automatic;
				CURRENT_PROJECT_VERSION = 1;
				DEVELOPMENT_TEAM = QNHX86K7F4;
				ENABLE_TESTING_SEARCH_PATHS = YES;
				GENERATE_INFOPLIST_FILE = YES;
				MACOSX_DEPLOYMENT_TARGET = 16.0;
				MARKETING_VERSION = 1.0;
				PRODUCT_BUNDLE_IDENTIFIER = com.vcolen.claudenotch.tests;
				PRODUCT_NAME = "$(TARGET_NAME)";
				SWIFT_EMIT_LOC_STRINGS = NO;
				SWIFT_STRICT_CONCURRENCY = complete;
				SWIFT_VERSION = 6.0;
				TEST_HOST = "$(BUILT_PRODUCTS_DIR)/ClaudeNotch.app/$(BUNDLE_EXECUTABLE_FOLDER_PATH)/ClaudeNotch";
			};
			name = Release;
		};
/* End XCBuildConfiguration section */

/* Begin XCConfigurationList section */
		A1B2C3D400000080 /* Build configuration list for PBXNativeTarget "ClaudeNotch" */ = {
			isa = XCConfigurationList;
			buildConfigurations = (
				A1B2C3D4000000E2 /* Debug */,
				A1B2C3D4000000E3 /* Release */,
			);
			defaultConfigurationIsVisible = 0;
			defaultConfigurationName = Release;
		};
		A1B2C3D400000081 /* Build configuration list for PBXNativeTarget "ClaudeNotchTests" */ = {
			isa = XCConfigurationList;
			buildConfigurations = (
				A1B2C3D4000000E4 /* Debug */,
				A1B2C3D4000000E5 /* Release */,
			);
			defaultConfigurationIsVisible = 0;
			defaultConfigurationName = Release;
		};
		A1B2C3D400000082 /* Build configuration list for PBXProject "ClaudeNotch" */ = {
			isa = XCConfigurationList;
			buildConfigurations = (
				A1B2C3D4000000E0 /* Debug */,
				A1B2C3D4000000E1 /* Release */,
			);
			defaultConfigurationIsVisible = 0;
			defaultConfigurationName = Release;
		};
/* End XCConfigurationList section */
	};
	rootObject = A1B2C3D400000006 /* Project object */;
}
